
Microsoft Visual Studio Solution File, Format Version 12.00
# Visual Studio Version 17
VisualStudioVersion = 17.13.35931.197 d17.13
MinimumVisualStudioVersion = 10.0.40219.1
Project("{FAE04EC0-301F-11D3-BF4B-00C04F79EFBC}") = "tpmodul10_103022300054", "tpmodul10_103022300054\tpmodul10_103022300054.csproj", "{84DCEC1F-B5C1-429D-B611-65D4AE85B308}"
EndProject
Global
	GlobalSection(SolutionConfigurationPlatforms) = preSolution
		Debug|Any CPU = Debug|Any CPU
		Release|Any CPU = Release|Any CPU
	EndGlobalSection
	GlobalSection(ProjectConfigurationPlatforms) = postSolution
		{84DCEC1F-B5C1-429D-B611-65D4AE85B308}.Debug|Any CPU.ActiveCfg = Debug|Any CPU
		{84DCEC1F-B5C1-429D-B611-65D4AE85B308}.Debug|Any CPU.Build.0 = Debug|Any CPU
		{84DCEC1F-B5C1-429D-B611-65D4AE85B308}.Release|Any CPU.ActiveCfg = Release|Any CPU
		{84DCEC1F-B5C1-429D-B611-65D4AE85B308}.Release|Any CPU.Build.0 = Release|Any CPU
	EndGlobalSection
	GlobalSection(SolutionProperties) = preSolution
		HideSolutionNode = FALSE
	EndGlobalSection
	GlobalSection(ExtensibilityGlobals) = postSolution
		SolutionGuid = {B6FAF6AD-E869-4909-9FFF-9FF2395293F2}
	EndGlobalSection
EndGlobal
